
Microsoft Visual Studio Solution File, Format Version 12.00
# Visual Studio 14
VisualStudioVersion = 14.0.25420.1
MinimumVisualStudioVersion = 10.0.40219.1
Project("{8BC9CEB8-8B4A-11D0-8D11-00A0C91BC942}") = "lab_02_work_01", "lab_01\lab_01.vcxproj", "{FD882080-1ED4-4C70-ADBC-D5776AE606BE}"
EndProject
Project("{8BC9CEB8-8B4A-11D0-8D11-00A0C91BC942}") = "lab_02_work_02", "lab2\lab2.vcxproj", "{2E20DA2A-A328-42F6-88A3-E2E05CD5E86C}"
EndProject
Project("{8BC9CEB8-8B4A-11D0-8D11-00A0C91BC942}") = "lab_02_work_03", "lab_02_work_03\lab_02_work_03.vcxproj", "{982F6EC0-3F4C-4146-A96C-0B276D6A3710}"
EndProject
Project("{8BC9CEB8-8B4A-11D0-8D11-00A0C91BC942}") = "lab_02_work_04", "lab_2_work_04\lab_2_work_04.vcxproj", "{917FB3D8-C875-40C9-9E1A-3F08B940C0E5}"
EndProject
Project("{8BC9CEB8-8B4A-11D0-8D11-00A0C91BC942}") = "lab_02_work_05", "lab_02_work_05\lab_02_work_05.vcxproj", "{0882A5C5-58BD-4335-A97B-CE011624DA4A}"
EndProject
Project("{2150E333-8FDC-42A3-9474-1A3956D46DE8}") = "Lab_02", "Lab_02", "{8E552B3C-35AE-4A1C-A2A5-06A16F61308B}"
EndProject
Project("{2150E333-8FDC-42A3-9474-1A3956D46DE8}") = "Lab_03", "Lab_03", "{5D101AC5-7EAE-4B03-BCA8-CC52A3B552EF}"
EndProject
Project("{8BC9CEB8-8B4A-11D0-8D11-00A0C91BC942}") = "lab_03_work_01", "lab_03_work_01\lab_03_work_01.vcxproj", "{3B470551-F4F3-467E-9389-D4368E578338}"
EndProject
Project("{2150E333-8FDC-42A3-9474-1A3956D46DE8}") = "lab_04", "lab_04", "{32B2DC76-C0FA-4225-AF9D-CE9B4AB5CB2F}"
EndProject
Project("{8BC9CEB8-8B4A-11D0-8D11-00A0C91BC942}") = "lab_04_work_01", "lab_04_work_01\lab_04_work_01.vcxproj", "{D0A0AFFC-B2A8-4104-BB91-3EE9A9300520}"
EndProject
Project("{8BC9CEB8-8B4A-11D0-8D11-00A0C91BC942}") = "lab_04_work_2", "lab_04_work_2\lab_04_work_2.vcxproj", "{899F1B44-A987-45D8-BADF-5BD48271CED1}"
EndProject
Project("{2150E333-8FDC-42A3-9474-1A3956D46DE8}") = "lab_05", "lab_05", "{E2FEFE4C-4139-40E9-A23A-CE1CE8F4E48F}"
EndProject
Project("{8BC9CEB8-8B4A-11D0-8D11-00A0C91BC942}") = "lab_05_work_01", "lab_05_work_01\lab_05_work_01.vcxproj", "{BC57AEFB-330C-4B90-9AB5-0220FE8AEC54}"
EndProject
Project("{8BC9CEB8-8B4A-11D0-8D11-00A0C91BC942}") = "lab_05_work_02", "lab_05_work_02\lab_05_work_02.vcxproj", "{4936C98E-33DA-4900-89AA-4092289938EE}"
EndProject
Project("{2150E333-8FDC-42A3-9474-1A3956D46DE8}") = "lab_06", "lab_06", "{93959DD8-01F5-4190-A83B-29BFC7272CFF}"
EndProject
Project("{8BC9CEB8-8B4A-11D0-8D11-00A0C91BC942}") = "lab_06_work_01", "lab_06_work_01\lab_06_work_01.vcxproj", "{05AA2F76-ACB7-4D0C-BCE7-3B7119ED950F}"
EndProject
Project("{2150E333-8FDC-42A3-9474-1A3956D46DE8}") = "lab_07", "lab_07", "{981F8189-C3C6-49F8-B472-B0030836620A}"
EndProject
Project("{8BC9CEB8-8B4A-11D0-8D11-00A0C91BC942}") = "lab_07_work_01", "lab_07_work_01\lab_07_work_01.vcxproj", "{5CAED5A1-0F1D-4FFD-A9E0-BB4182F05F55}"
EndProject
Project("{2150E333-8FDC-42A3-9474-1A3956D46DE8}") = "lab_08", "lab_08", "{23196F51-73DF-4585-B2D8-3E3C2F8C32CB}"
EndProject
Project("{8BC9CEB8-8B4A-11D0-8D11-00A0C91BC942}") = "lab_08_work_01", "lab_08_01\lab_08_01.vcxproj", "{F972902D-DA51-4236-97C4-92E7350D5399}"
EndProject
Project("{2150E333-8FDC-42A3-9474-1A3956D46DE8}") = "Control_Work", "Control_Work", "{FABF94D3-8A8A-451D-9E13-9BCE250C976E}"
EndProject
Project("{8BC9CEB8-8B4A-11D0-8D11-00A0C91BC942}") = "Work_01_05", "Work_01_05\Work_01_05.vcxproj", "{6CEC0FA8-CD09-447D-81B0-40061FA2D055}"
EndProject
Project("{8BC9CEB8-8B4A-11D0-8D11-00A0C91BC942}") = "Work_02_30", "Work_02_30\Work_02_30.vcxproj", "{E8D7053F-389C-4D37-BCF1-DD2085574C2B}"
EndProject
Global
	GlobalSection(SolutionConfigurationPlatforms) = preSolution
		Debug|x64 = Debug|x64
		Debug|x86 = Debug|x86
		Release|x64 = Release|x64
		Release|x86 = Release|x86
	EndGlobalSection
	GlobalSection(ProjectConfigurationPlatforms) = postSolution
		{FD882080-1ED4-4C70-ADBC-D5776AE606BE}.Debug|x64.ActiveCfg = Debug|x64
		{FD882080-1ED4-4C70-ADBC-D5776AE606BE}.Debug|x64.Build.0 = Debug|x64
		{FD882080-1ED4-4C70-ADBC-D5776AE606BE}.Debug|x86.ActiveCfg = Debug|Win32
		{FD882080-1ED4-4C70-ADBC-D5776AE606BE}.Debug|x86.Build.0 = Debug|Win32
		{FD882080-1ED4-4C70-ADBC-D5776AE606BE}.Release|x64.ActiveCfg = Release|x64
		{FD882080-1ED4-4C70-ADBC-D5776AE606BE}.Release|x64.Build.0 = Release|x64
		{FD882080-1ED4-4C70-ADBC-D5776AE606BE}.Release|x86.ActiveCfg = Release|Win32
		{FD882080-1ED4-4C70-ADBC-D5776AE606BE}.Release|x86.Build.0 = Release|Win32
		{2E20DA2A-A328-42F6-88A3-E2E05CD5E86C}.Debug|x64.ActiveCfg = Debug|x64
		{2E20DA2A-A328-42F6-88A3-E2E05CD5E86C}.Debug|x64.Build.0 = Debug|x64
		{2E20DA2A-A328-42F6-88A3-E2E05CD5E86C}.Debug|x86.ActiveCfg = Debug|Win32
		{2E20DA2A-A328-42F6-88A3-E2E05CD5E86C}.Debug|x86.Build.0 = Debug|Win32
		{2E20DA2A-A328-42F6-88A3-E2E05CD5E86C}.Release|x64.ActiveCfg = Release|x64
		{2E20DA2A-A328-42F6-88A3-E2E05CD5E86C}.Release|x64.Build.0 = Release|x64
		{2E20DA2A-A328-42F6-88A3-E2E05CD5E86C}.Release|x86.ActiveCfg = Release|Win32
		{2E20DA2A-A328-42F6-88A3-E2E05CD5E86C}.Release|x86.Build.0 = Release|Win32
		{982F6EC0-3F4C-4146-A96C-0B276D6A3710}.Debug|x64.ActiveCfg = Debug|x64
		{982F6EC0-3F4C-4146-A96C-0B276D6A3710}.Debug|x64.Build.0 = Debug|x64
		{982F6EC0-3F4C-4146-A96C-0B276D6A3710}.Debug|x86.ActiveCfg = Debug|Win32
		{982F6EC0-3F4C-4146-A96C-0B276D6A3710}.Debug|x86.Build.0 = Debug|Win32
		{982F6EC0-3F4C-4146-A96C-0B276D6A3710}.Release|x64.ActiveCfg = Release|x64
		{982F6EC0-3F4C-4146-A96C-0B276D6A3710}.Release|x64.Build.0 = Release|x64
		{982F6EC0-3F4C-4146-A96C-0B276D6A3710}.Release|x86.ActiveCfg = Release|Win32
		{982F6EC0-3F4C-4146-A96C-0B276D6A3710}.Release|x86.Build.0 = Release|Win32
		{917FB3D8-C875-40C9-9E1A-3F08B940C0E5}.Debug|x64.ActiveCfg = Debug|x64
		{917FB3D8-C875-40C9-9E1A-3F08B940C0E5}.Debug|x64.Build.0 = Debug|x64
		{917FB3D8-C875-40C9-9E1A-3F08B940C0E5}.Debug|x86.ActiveCfg = Debug|Win32
		{917FB3D8-C875-40C9-9E1A-3F08B940C0E5}.Debug|x86.Build.0 = Debug|Win32
		{917FB3D8-C875-40C9-9E1A-3F08B940C0E5}.Release|x64.ActiveCfg = Release|x64
		{917FB3D8-C875-40C9-9E1A-3F08B940C0E5}.Release|x64.Build.0 = Release|x64
		{917FB3D8-C875-40C9-9E1A-3F08B940C0E5}.Release|x86.ActiveCfg = Release|Win32
		{917FB3D8-C875-40C9-9E1A-3F08B940C0E5}.Release|x86.Build.0 = Release|Win32
		{0882A5C5-58BD-4335-A97B-CE011624DA4A}.Debug|x64.ActiveCfg = Debug|x64
		{0882A5C5-58BD-4335-A97B-CE011624DA4A}.Debug|x64.Build.0 = Debug|x64
		{0882A5C5-58BD-4335-A97B-CE011624DA4A}.Debug|x86.ActiveCfg = Debug|Win32
		{0882A5C5-58BD-4335-A97B-CE011624DA4A}.Debug|x86.Build.0 = Debug|Win32
		{0882A5C5-58BD-4335-A97B-CE011624DA4A}.Release|x64.ActiveCfg = Release|x64
		{0882A5C5-58BD-4335-A97B-CE011624DA4A}.Release|x64.Build.0 = Release|x64
		{0882A5C5-58BD-4335-A97B-CE011624DA4A}.Release|x86.ActiveCfg = Release|Win32
		{0882A5C5-58BD-4335-A97B-CE011624DA4A}.Release|x86.Build.0 = Release|Win32
		{3B470551-F4F3-467E-9389-D4368E578338}.Debug|x64.ActiveCfg = Debug|x64
		{3B470551-F4F3-467E-9389-D4368E578338}.Debug|x64.Build.0 = Debug|x64
		{3B470551-F4F3-467E-9389-D4368E578338}.Debug|x86.ActiveCfg = Debug|Win32
		{3B470551-F4F3-467E-9389-D4368E578338}.Debug|x86.Build.0 = Debug|Win32
		{3B470551-F4F3-467E-9389-D4368E578338}.Release|x64.ActiveCfg = Release|x64
		{3B470551-F4F3-467E-9389-D4368E578338}.Release|x64.Build.0 = Release|x64
		{3B470551-F4F3-467E-9389-D4368E578338}.Release|x86.ActiveCfg = Release|Win32
		{3B470551-F4F3-467E-9389-D4368E578338}.Release|x86.Build.0 = Release|Win32
		{D0A0AFFC-B2A8-4104-BB91-3EE9A9300520}.Debug|x64.ActiveCfg = Debug|x64
		{D0A0AFFC-B2A8-4104-BB91-3EE9A9300520}.Debug|x64.Build.0 = Debug|x64
		{D0A0AFFC-B2A8-4104-BB91-3EE9A9300520}.Debug|x86.ActiveCfg = Debug|Win32
		{D0A0AFFC-B2A8-4104-BB91-3EE9A9300520}.Debug|x86.Build.0 = Debug|Win32
		{D0A0AFFC-B2A8-4104-BB91-3EE9A9300520}.Release|x64.ActiveCfg = Release|x64
		{D0A0AFFC-B2A8-4104-BB91-3EE9A9300520}.Release|x64.Build.0 = Release|x64
		{D0A0AFFC-B2A8-4104-BB91-3EE9A9300520}.Release|x86.ActiveCfg = Release|Win32
		{D0A0AFFC-B2A8-4104-BB91-3EE9A9300520}.Release|x86.Build.0 = Release|Win32
		{899F1B44-A987-45D8-BADF-5BD48271CED1}.Debug|x64.ActiveCfg = Debug|x64
		{899F1B44-A987-45D8-BADF-5BD48271CED1}.Debug|x64.Build.0 = Debug|x64
		{899F1B44-A987-45D8-BADF-5BD48271CED1}.Debug|x86.ActiveCfg = Debug|Win32
		{899F1B44-A987-45D8-BADF-5BD48271CED1}.Debug|x86.Build.0 = Debug|Win32
		{899F1B44-A987-45D8-BADF-5BD48271CED1}.Release|x64.ActiveCfg = Release|x64
		{899F1B44-A987-45D8-BADF-5BD48271CED1}.Release|x64.Build.0 = Release|x64
		{899F1B44-A987-45D8-BADF-5BD48271CED1}.Release|x86.ActiveCfg = Release|Win32
		{899F1B44-A987-45D8-BADF-5BD48271CED1}.Release|x86.Build.0 = Release|Win32
		{BC57AEFB-330C-4B90-9AB5-0220FE8AEC54}.Debug|x64.ActiveCfg = Debug|x64
		{BC57AEFB-330C-4B90-9AB5-0220FE8AEC54}.Debug|x64.Build.0 = Debug|x64
		{BC57AEFB-330C-4B90-9AB5-0220FE8AEC54}.Debug|x86.ActiveCfg = Debug|Win32
		{BC57AEFB-330C-4B90-9AB5-0220FE8AEC54}.Debug|x86.Build.0 = Debug|Win32
		{BC57AEFB-330C-4B90-9AB5-0220FE8AEC54}.Release|x64.ActiveCfg = Release|x64
		{BC57AEFB-330C-4B90-9AB5-0220FE8AEC54}.Release|x64.Build.0 = Release|x64
		{BC57AEFB-330C-4B90-9AB5-0220FE8AEC54}.Release|x86.ActiveCfg = Release|Win32
		{BC57AEFB-330C-4B90-9AB5-0220FE8AEC54}.Release|x86.Build.0 = Release|Win32
		{4936C98E-33DA-4900-89AA-4092289938EE}.Debug|x64.ActiveCfg = Debug|x64
		{4936C98E-33DA-4900-89AA-4092289938EE}.Debug|x64.Build.0 = Debug|x64
		{4936C98E-33DA-4900-89AA-4092289938EE}.Debug|x86.ActiveCfg = Debug|Win32
		{4936C98E-33DA-4900-89AA-4092289938EE}.Debug|x86.Build.0 = Debug|Win32
		{4936C98E-33DA-4900-89AA-4092289938EE}.Release|x64.ActiveCfg = Release|x64
		{4936C98E-33DA-4900-89AA-4092289938EE}.Release|x64.Build.0 = Release|x64
		{4936C98E-33DA-4900-89AA-4092289938EE}.Release|x86.ActiveCfg = Release|Win32
		{4936C98E-33DA-4900-89AA-4092289938EE}.Release|x86.Build.0 = Release|Win32
		{05AA2F76-ACB7-4D0C-BCE7-3B7119ED950F}.Debug|x64.ActiveCfg = Debug|x64
		{05AA2F76-ACB7-4D0C-BCE7-3B7119ED950F}.Debug|x64.Build.0 = Debug|x64
		{05AA2F76-ACB7-4D0C-BCE7-3B7119ED950F}.Debug|x86.ActiveCfg = Debug|Win32
		{05AA2F76-ACB7-4D0C-BCE7-3B7119ED950F}.Debug|x86.Build.0 = Debug|Win32
		{05AA2F76-ACB7-4D0C-BCE7-3B7119ED950F}.Release|x64.ActiveCfg = Release|x64
		{05AA2F76-ACB7-4D0C-BCE7-3B7119ED950F}.Release|x64.Build.0 = Release|x64
		{05AA2F76-ACB7-4D0C-BCE7-3B7119ED950F}.Release|x86.ActiveCfg = Release|Win32
		{05AA2F76-ACB7-4D0C-BCE7-3B7119ED950F}.Release|x86.Build.0 = Release|Win32
		{5CAED5A1-0F1D-4FFD-A9E0-BB4182F05F55}.Debug|x64.ActiveCfg = Debug|x64
		{5CAED5A1-0F1D-4FFD-A9E0-BB4182F05F55}.Debug|x64.Build.0 = Debug|x64
		{5CAED5A1-0F1D-4FFD-A9E0-BB4182F05F55}.Debug|x86.ActiveCfg = Debug|Win32
		{5CAED5A1-0F1D-4FFD-A9E0-BB4182F05F55}.Debug|x86.Build.0 = Debug|Win32
		{5CAED5A1-0F1D-4FFD-A9E0-BB4182F05F55}.Release|x64.ActiveCfg = Release|x64
		{5CAED5A1-0F1D-4FFD-A9E0-BB4182F05F55}.Release|x64.Build.0 = Release|x64
		{5CAED5A1-0F1D-4FFD-A9E0-BB4182F05F55}.Release|x86.ActiveCfg = Release|Win32
		{5CAED5A1-0F1D-4FFD-A9E0-BB4182F05F55}.Release|x86.Build.0 = Release|Win32
		{F972902D-DA51-4236-97C4-92E7350D5399}.Debug|x64.ActiveCfg = Debug|x64
		{F972902D-DA51-4236-97C4-92E7350D5399}.Debug|x64.Build.0 = Debug|x64
		{F972902D-DA51-4236-97C4-92E7350D5399}.Debug|x86.ActiveCfg = Debug|Win32
		{F972902D-DA51-4236-97C4-92E7350D5399}.Debug|x86.Build.0 = Debug|Win32
		{F972902D-DA51-4236-97C4-92E7350D5399}.Release|x64.ActiveCfg = Release|x64
		{F972902D-DA51-4236-97C4-92E7350D5399}.Release|x64.Build.0 = Release|x64
		{F972902D-DA51-4236-97C4-92E7350D5399}.Release|x86.ActiveCfg = Release|Win32
		{F972902D-DA51-4236-97C4-92E7350D5399}.Release|x86.Build.0 = Release|Win32
		{6CEC0FA8-CD09-447D-81B0-40061FA2D055}.Debug|x64.ActiveCfg = Debug|x64
		{6CEC0FA8-CD09-447D-81B0-40061FA2D055}.Debug|x64.Build.0 = Debug|x64
		{6CEC0FA8-CD09-447D-81B0-40061FA2D055}.Debug|x86.ActiveCfg = Debug|Win32
		{6CEC0FA8-CD09-447D-81B0-40061FA2D055}.Debug|x86.Build.0 = Debug|Win32
		{6CEC0FA8-CD09-447D-81B0-40061FA2D055}.Release|x64.ActiveCfg = Release|x64
		{6CEC0FA8-CD09-447D-81B0-40061FA2D055}.Release|x64.Build.0 = Release|x64
		{6CEC0FA8-CD09-447D-81B0-40061FA2D055}.Release|x86.ActiveCfg = Release|Win32
		{6CEC0FA8-CD09-447D-81B0-40061FA2D055}.Release|x86.Build.0 = Release|Win32
		{E8D7053F-389C-4D37-BCF1-DD2085574C2B}.Debug|x64.ActiveCfg = Debug|x64
		{E8D7053F-389C-4D37-BCF1-DD2085574C2B}.Debug|x64.Build.0 = Debug|x64
		{E8D7053F-389C-4D37-BCF1-DD2085574C2B}.Debug|x86.ActiveCfg = Debug|Win32
		{E8D7053F-389C-4D37-BCF1-DD2085574C2B}.Debug|x86.Build.0 = Debug|Win32
		{E8D7053F-389C-4D37-BCF1-DD2085574C2B}.Release|x64.ActiveCfg = Release|x64
		{E8D7053F-389C-4D37-BCF1-DD2085574C2B}.Release|x64.Build.0 = Release|x64
		{E8D7053F-389C-4D37-BCF1-DD2085574C2B}.Release|x86.ActiveCfg = Release|Win32
		{E8D7053F-389C-4D37-BCF1-DD2085574C2B}.Release|x86.Build.0 = Release|Win32
	EndGlobalSection
	GlobalSection(SolutionProperties) = preSolution
		HideSolutionNode = FALSE
	EndGlobalSection
	GlobalSection(NestedProjects) = preSolution
		{FD882080-1ED4-4C70-ADBC-D5776AE606BE} = {8E552B3C-35AE-4A1C-A2A5-06A16F61308B}
		{2E20DA2A-A328-42F6-88A3-E2E05CD5E86C} = {8E552B3C-35AE-4A1C-A2A5-06A16F61308B}
		{982F6EC0-3F4C-4146-A96C-0B276D6A3710} = {8E552B3C-35AE-4A1C-A2A5-06A16F61308B}
		{917FB3D8-C875-40C9-9E1A-3F08B940C0E5} = {8E552B3C-35AE-4A1C-A2A5-06A16F61308B}
		{0882A5C5-58BD-4335-A97B-CE011624DA4A} = {8E552B3C-35AE-4A1C-A2A5-06A16F61308B}
		{3B470551-F4F3-467E-9389-D4368E578338} = {5D101AC5-7EAE-4B03-BCA8-CC52A3B552EF}
		{D0A0AFFC-B2A8-4104-BB91-3EE9A9300520} = {32B2DC76-C0FA-4225-AF9D-CE9B4AB5CB2F}
		{899F1B44-A987-45D8-BADF-5BD48271CED1} = {32B2DC76-C0FA-4225-AF9D-CE9B4AB5CB2F}
		{BC57AEFB-330C-4B90-9AB5-0220FE8AEC54} = {E2FEFE4C-4139-40E9-A23A-CE1CE8F4E48F}
		{4936C98E-33DA-4900-89AA-4092289938EE} = {E2FEFE4C-4139-40E9-A23A-CE1CE8F4E48F}
		{05AA2F76-ACB7-4D0C-BCE7-3B7119ED950F} = {93959DD8-01F5-4190-A83B-29BFC7272CFF}
		{5CAED5A1-0F1D-4FFD-A9E0-BB4182F05F55} = {981F8189-C3C6-49F8-B472-B0030836620A}
		{F972902D-DA51-4236-97C4-92E7350D5399} = {23196F51-73DF-4585-B2D8-3E3C2F8C32CB}
		{6CEC0FA8-CD09-447D-81B0-40061FA2D055} = {FABF94D3-8A8A-451D-9E13-9BCE250C976E}
		{E8D7053F-389C-4D37-BCF1-DD2085574C2B} = {FABF94D3-8A8A-451D-9E13-9BCE250C976E}
	EndGlobalSection
EndGlobal
